
Microsoft Visual Studio Solution File, Format Version 12.00
# Visual Studio 15
VisualStudioVersion = 15.0.27130.2027
MinimumVisualStudioVersion = 10.0.40219.1
Project("{FAE04EC0-301F-11D3-BF4B-00C04F79EFBC}") = "Triangulo", "Triangulo\Triangulo.csproj", "{215BD357-0D20-47DD-ABEE-4532092DBA37}"
EndProject
Global
	GlobalSection(SolutionConfigurationPlatforms) = preSolution
		Debug|Any CPU = Debug|Any CPU
		Release|Any CPU = Release|Any CPU
	EndGlobalSection
	GlobalSection(ProjectConfigurationPlatforms) = postSolution
		{215BD357-0D20-47DD-ABEE-4532092DBA37}.Debug|Any CPU.ActiveCfg = Debug|Any CPU
		{215BD357-0D20-47DD-ABEE-4532092DBA37}.Debug|Any CPU.Build.0 = Debug|Any CPU
		{215BD357-0D20-47DD-ABEE-4532092DBA37}.Release|Any CPU.ActiveCfg = Release|Any CPU
		{215BD357-0D20-47DD-ABEE-4532092DBA37}.Release|Any CPU.Build.0 = Release|Any CPU
	EndGlobalSection
	GlobalSection(SolutionProperties) = preSolution
		HideSolutionNode = FALSE
	EndGlobalSection
	GlobalSection(ExtensibilityGlobals) = postSolution
		SolutionGuid = {D1105BAA-6B28-4804-A6F7-00F900DCCF64}
	EndGlobalSection
EndGlobal
